
Microsoft Visual Studio Solution File, Format Version 12.00
# Visual Studio Version 17
VisualStudioVersion = 17.9.34616.47
MinimumVisualStudioVersion = 10.0.40219.1
Project("{9A19103F-16F7-4668-BE54-9A1E7A4F7556}") = "c_Shap101", "c_Shap101\c_Shap101.csproj", "{2194F966-D467-4890-A5BD-91825A38845A}"
EndProject
Project("{9A19103F-16F7-4668-BE54-9A1E7A4F7556}") = "homework2", "homework2\homework2.csproj", "{819CD3F6-4EEC-4F2A-ACC4-194259EB6CCB}"
EndProject
Project("{9A19103F-16F7-4668-BE54-9A1E7A4F7556}") = "TelephoneDirectory", "TelephoneDirectory\TelephoneDirectory.csproj", "{0BD25767-BE7E-4B7F-80DD-F276EA3388DF}"
EndProject
Project("{9A19103F-16F7-4668-BE54-9A1E7A4F7556}") = "AveragePrograming", "AveragePrograming\AveragePrograming.csproj", "{1BBA93A6-3EAA-4F1D-87B5-EC6EC19D8B09}"
EndProject
Project("{9A19103F-16F7-4668-BE54-9A1E7A4F7556}") = "DrawingATriangle", "DrawingATriangle\DrawingATriangle.csproj", "{D5D35A56-A30E-447E-BB57-9ABEBA4C66ED}"
EndProject
Project("{9A19103F-16F7-4668-BE54-9A1E7A4F7556}") = "CircleDrawer", "CircleDrawer\CircleDrawer.csproj", "{E01935A8-5699-4D34-9B28-E5A6177D206A}"
EndProject
Project("{9A19103F-16F7-4668-BE54-9A1E7A4F7556}") = "Algorithm", "Algorithm\Algorithm.csproj", "{14B6207E-F3AE-498B-A30F-7DED9F6B9FA8}"
EndProject
Project("{9A19103F-16F7-4668-BE54-9A1E7A4F7556}") = "AreaCalculation", "AreaCalculation\AreaCalculation.csproj", "{898BCF95-241D-4656-9F06-1A80AE795111}"
EndProject
Project("{9A19103F-16F7-4668-BE54-9A1E7A4F7556}") = "VotingApplication", "VotingApplication\VotingApplication.csproj", "{929E8DB0-97BC-460C-9E68-7BCFFD03D7AC}"
EndProject
Project("{9A19103F-16F7-4668-BE54-9A1E7A4F7556}") = "ClassMetotDemo", "ClassMetotDemo\ClassMetotDemo.csproj", "{A4FA92BE-043E-445A-A90A-E65F5CFD9BE2}"
EndProject
Project("{9A19103F-16F7-4668-BE54-9A1E7A4F7556}") = "ATMApplicaiton", "ATMApplicaiton\ATMApplicaiton.csproj", "{47ABE4E9-F5BA-42B3-A922-6BBA6AEB9233}"
EndProject
Project("{9A19103F-16F7-4668-BE54-9A1E7A4F7556}") = "BarcodeGenerator", "BarcodeGenerator\BarcodeGenerator.csproj", "{44B18C41-CF6F-4B71-9E90-F41309BF3609}"
EndProject
Project("{9A19103F-16F7-4668-BE54-9A1E7A4F7556}") = "OPP_1", "OPP_1\OPP_1.csproj", "{DCD54DA1-5036-4107-8674-A004B9CC09B2}"
EndProject
Project("{9A19103F-16F7-4668-BE54-9A1E7A4F7556}") = "Colections", "Colections\Colections.csproj", "{320A2B4C-13F7-42BA-BCE2-6572CE6D4961}"
EndProject
Project("{9A19103F-16F7-4668-BE54-9A1E7A4F7556}") = "GenericsIntro", "ConsoleApp1\GenericsIntro.csproj", "{D2DD4329-AD8B-4D86-A2C9-6A6A718D268B}"
EndProject
Project("{9A19103F-16F7-4668-BE54-9A1E7A4F7556}") = "ReferenceTypes", "ReferenceTypes\ReferenceTypes.csproj", "{A0F5DAFA-3391-4C27-9041-79F088E524E0}"
EndProject
Project("{9A19103F-16F7-4668-BE54-9A1E7A4F7556}") = "Constructors", "Constructors\Constructors.csproj", "{840CBF25-ED29-4C47-984F-34D872A4D02D}"
EndProject
Project("{9A19103F-16F7-4668-BE54-9A1E7A4F7556}") = "Generics", "Generics\Generics.csproj", "{28E8E589-45A6-4AB0-A145-9EFB41F673AB}"
EndProject
Project("{9A19103F-16F7-4668-BE54-9A1E7A4F7556}") = "OPP_2", "OPP_2\OPP_2.csproj", "{24FE31E6-B10F-466A-B90A-7AD9DD39D07A}"
EndProject
Project("{9A19103F-16F7-4668-BE54-9A1E7A4F7556}") = "OOP_3", "OOP_3\OOP_3.csproj", "{D4F33711-D563-4303-BE0C-22C9F69EF13E}"
EndProject
Project("{9A19103F-16F7-4668-BE54-9A1E7A4F7556}") = "Classes", "Classes\Classes.csproj", "{6359CF1D-3530-4D27-B564-717EF8FDDAF0}"
EndProject
Project("{9A19103F-16F7-4668-BE54-9A1E7A4F7556}") = "RecapDemo", "RecapDemo\RecapDemo.csproj", "{9288F9DF-B091-42E9-97B2-D198662AE4FC}"
EndProject
Project("{9A19103F-16F7-4668-BE54-9A1E7A4F7556}") = "Interfaces", "Interfaces\Interfaces.csproj", "{40AD59C0-8541-45D2-87CA-E187C05339A8}"
EndProject
Project("{9A19103F-16F7-4668-BE54-9A1E7A4F7556}") = "Inheritance", "Inheritance\Inheritance.csproj", "{C9E44D75-6413-4B13-A389-8EFA6E8FC414}"
EndProject
Project("{FAE04EC0-301F-11D3-BF4B-00C04F79EFBC}") = "InterfaceAbstractDemo", "InterfaceAbstractDemo\InterfaceAbstractDemo.csproj", "{85005B92-14E9-43A8-9A83-F13F81DD2649}"
EndProject
Global
	GlobalSection(SolutionConfigurationPlatforms) = preSolution
		Debug|Any CPU = Debug|Any CPU
		Release|Any CPU = Release|Any CPU
	EndGlobalSection
	GlobalSection(ProjectConfigurationPlatforms) = postSolution
		{2194F966-D467-4890-A5BD-91825A38845A}.Debug|Any CPU.ActiveCfg = Debug|Any CPU
		{2194F966-D467-4890-A5BD-91825A38845A}.Debug|Any CPU.Build.0 = Debug|Any CPU
		{2194F966-D467-4890-A5BD-91825A38845A}.Release|Any CPU.ActiveCfg = Release|Any CPU
		{2194F966-D467-4890-A5BD-91825A38845A}.Release|Any CPU.Build.0 = Release|Any CPU
		{819CD3F6-4EEC-4F2A-ACC4-194259EB6CCB}.Debug|Any CPU.ActiveCfg = Debug|Any CPU
		{819CD3F6-4EEC-4F2A-ACC4-194259EB6CCB}.Debug|Any CPU.Build.0 = Debug|Any CPU
		{819CD3F6-4EEC-4F2A-ACC4-194259EB6CCB}.Release|Any CPU.ActiveCfg = Release|Any CPU
		{819CD3F6-4EEC-4F2A-ACC4-194259EB6CCB}.Release|Any CPU.Build.0 = Release|Any CPU
		{0BD25767-BE7E-4B7F-80DD-F276EA3388DF}.Debug|Any CPU.ActiveCfg = Debug|Any CPU
		{0BD25767-BE7E-4B7F-80DD-F276EA3388DF}.Debug|Any CPU.Build.0 = Debug|Any CPU
		{0BD25767-BE7E-4B7F-80DD-F276EA3388DF}.Release|Any CPU.ActiveCfg = Release|Any CPU
		{0BD25767-BE7E-4B7F-80DD-F276EA3388DF}.Release|Any CPU.Build.0 = Release|Any CPU
		{1BBA93A6-3EAA-4F1D-87B5-EC6EC19D8B09}.Debug|Any CPU.ActiveCfg = Debug|Any CPU
		{1BBA93A6-3EAA-4F1D-87B5-EC6EC19D8B09}.Debug|Any CPU.Build.0 = Debug|Any CPU
		{1BBA93A6-3EAA-4F1D-87B5-EC6EC19D8B09}.Release|Any CPU.ActiveCfg = Release|Any CPU
		{1BBA93A6-3EAA-4F1D-87B5-EC6EC19D8B09}.Release|Any CPU.Build.0 = Release|Any CPU
		{D5D35A56-A30E-447E-BB57-9ABEBA4C66ED}.Debug|Any CPU.ActiveCfg = Debug|Any CPU
		{D5D35A56-A30E-447E-BB57-9ABEBA4C66ED}.Debug|Any CPU.Build.0 = Debug|Any CPU
		{D5D35A56-A30E-447E-BB57-9ABEBA4C66ED}.Release|Any CPU.ActiveCfg = Release|Any CPU
		{D5D35A56-A30E-447E-BB57-9ABEBA4C66ED}.Release|Any CPU.Build.0 = Release|Any CPU
		{E01935A8-5699-4D34-9B28-E5A6177D206A}.Debug|Any CPU.ActiveCfg = Debug|Any CPU
		{E01935A8-5699-4D34-9B28-E5A6177D206A}.Debug|Any CPU.Build.0 = Debug|Any CPU
		{E01935A8-5699-4D34-9B28-E5A6177D206A}.Release|Any CPU.ActiveCfg = Release|Any CPU
		{E01935A8-5699-4D34-9B28-E5A6177D206A}.Release|Any CPU.Build.0 = Release|Any CPU
		{14B6207E-F3AE-498B-A30F-7DED9F6B9FA8}.Debug|Any CPU.ActiveCfg = Debug|Any CPU
		{14B6207E-F3AE-498B-A30F-7DED9F6B9FA8}.Debug|Any CPU.Build.0 = Debug|Any CPU
		{14B6207E-F3AE-498B-A30F-7DED9F6B9FA8}.Release|Any CPU.ActiveCfg = Release|Any CPU
		{14B6207E-F3AE-498B-A30F-7DED9F6B9FA8}.Release|Any CPU.Build.0 = Release|Any CPU
		{898BCF95-241D-4656-9F06-1A80AE795111}.Debug|Any CPU.ActiveCfg = Debug|Any CPU
		{898BCF95-241D-4656-9F06-1A80AE795111}.Debug|Any CPU.Build.0 = Debug|Any CPU
		{898BCF95-241D-4656-9F06-1A80AE795111}.Release|Any CPU.ActiveCfg = Release|Any CPU
		{898BCF95-241D-4656-9F06-1A80AE795111}.Release|Any CPU.Build.0 = Release|Any CPU
		{929E8DB0-97BC-460C-9E68-7BCFFD03D7AC}.Debug|Any CPU.ActiveCfg = Debug|Any CPU
		{929E8DB0-97BC-460C-9E68-7BCFFD03D7AC}.Debug|Any CPU.Build.0 = Debug|Any CPU
		{929E8DB0-97BC-460C-9E68-7BCFFD03D7AC}.Release|Any CPU.ActiveCfg = Release|Any CPU
		{929E8DB0-97BC-460C-9E68-7BCFFD03D7AC}.Release|Any CPU.Build.0 = Release|Any CPU
		{A4FA92BE-043E-445A-A90A-E65F5CFD9BE2}.Debug|Any CPU.ActiveCfg = Debug|Any CPU
		{A4FA92BE-043E-445A-A90A-E65F5CFD9BE2}.Debug|Any CPU.Build.0 = Debug|Any CPU
		{A4FA92BE-043E-445A-A90A-E65F5CFD9BE2}.Release|Any CPU.ActiveCfg = Release|Any CPU
		{A4FA92BE-043E-445A-A90A-E65F5CFD9BE2}.Release|Any CPU.Build.0 = Release|Any CPU
		{47ABE4E9-F5BA-42B3-A922-6BBA6AEB9233}.Debug|Any CPU.ActiveCfg = Debug|Any CPU
		{47ABE4E9-F5BA-42B3-A922-6BBA6AEB9233}.Debug|Any CPU.Build.0 = Debug|Any CPU
		{47ABE4E9-F5BA-42B3-A922-6BBA6AEB9233}.Release|Any CPU.ActiveCfg = Release|Any CPU
		{47ABE4E9-F5BA-42B3-A922-6BBA6AEB9233}.Release|Any CPU.Build.0 = Release|Any CPU
		{44B18C41-CF6F-4B71-9E90-F41309BF3609}.Debug|Any CPU.ActiveCfg = Debug|Any CPU
		{44B18C41-CF6F-4B71-9E90-F41309BF3609}.Debug|Any CPU.Build.0 = Debug|Any CPU
		{44B18C41-CF6F-4B71-9E90-F41309BF3609}.Release|Any CPU.ActiveCfg = Release|Any CPU
		{44B18C41-CF6F-4B71-9E90-F41309BF3609}.Release|Any CPU.Build.0 = Release|Any CPU
		{DCD54DA1-5036-4107-8674-A004B9CC09B2}.Debug|Any CPU.ActiveCfg = Debug|Any CPU
		{DCD54DA1-5036-4107-8674-A004B9CC09B2}.Debug|Any CPU.Build.0 = Debug|Any CPU
		{DCD54DA1-5036-4107-8674-A004B9CC09B2}.Release|Any CPU.ActiveCfg = Release|Any CPU
		{DCD54DA1-5036-4107-8674-A004B9CC09B2}.Release|Any CPU.Build.0 = Release|Any CPU
		{320A2B4C-13F7-42BA-BCE2-6572CE6D4961}.Debug|Any CPU.ActiveCfg = Debug|Any CPU
		{320A2B4C-13F7-42BA-BCE2-6572CE6D4961}.Debug|Any CPU.Build.0 = Debug|Any CPU
		{320A2B4C-13F7-42BA-BCE2-6572CE6D4961}.Release|Any CPU.ActiveCfg = Release|Any CPU
		{320A2B4C-13F7-42BA-BCE2-6572CE6D4961}.Release|Any CPU.Build.0 = Release|Any CPU
		{D2DD4329-AD8B-4D86-A2C9-6A6A718D268B}.Debug|Any CPU.ActiveCfg = Debug|Any CPU
		{D2DD4329-AD8B-4D86-A2C9-6A6A718D268B}.Debug|Any CPU.Build.0 = Debug|Any CPU
		{D2DD4329-AD8B-4D86-A2C9-6A6A718D268B}.Release|Any CPU.ActiveCfg = Release|Any CPU
		{D2DD4329-AD8B-4D86-A2C9-6A6A718D268B}.Release|Any CPU.Build.0 = Release|Any CPU
		{A0F5DAFA-3391-4C27-9041-79F088E524E0}.Debug|Any CPU.ActiveCfg = Debug|Any CPU
		{A0F5DAFA-3391-4C27-9041-79F088E524E0}.Debug|Any CPU.Build.0 = Debug|Any CPU
		{A0F5DAFA-3391-4C27-9041-79F088E524E0}.Release|Any CPU.ActiveCfg = Release|Any CPU
		{A0F5DAFA-3391-4C27-9041-79F088E524E0}.Release|Any CPU.Build.0 = Release|Any CPU
		{840CBF25-ED29-4C47-984F-34D872A4D02D}.Debug|Any CPU.ActiveCfg = Debug|Any CPU
		{840CBF25-ED29-4C47-984F-34D872A4D02D}.Debug|Any CPU.Build.0 = Debug|Any CPU
		{840CBF25-ED29-4C47-984F-34D872A4D02D}.Release|Any CPU.ActiveCfg = Release|Any CPU
		{840CBF25-ED29-4C47-984F-34D872A4D02D}.Release|Any CPU.Build.0 = Release|Any CPU
		{28E8E589-45A6-4AB0-A145-9EFB41F673AB}.Debug|Any CPU.ActiveCfg = Debug|Any CPU
		{28E8E589-45A6-4AB0-A145-9EFB41F673AB}.Debug|Any CPU.Build.0 = Debug|Any CPU
		{28E8E589-45A6-4AB0-A145-9EFB41F673AB}.Release|Any CPU.ActiveCfg = Release|Any CPU
		{28E8E589-45A6-4AB0-A145-9EFB41F673AB}.Release|Any CPU.Build.0 = Release|Any CPU
		{24FE31E6-B10F-466A-B90A-7AD9DD39D07A}.Debug|Any CPU.ActiveCfg = Debug|Any CPU
		{24FE31E6-B10F-466A-B90A-7AD9DD39D07A}.Debug|Any CPU.Build.0 = Debug|Any CPU
		{24FE31E6-B10F-466A-B90A-7AD9DD39D07A}.Release|Any CPU.ActiveCfg = Release|Any CPU
		{24FE31E6-B10F-466A-B90A-7AD9DD39D07A}.Release|Any CPU.Build.0 = Release|Any CPU
		{D4F33711-D563-4303-BE0C-22C9F69EF13E}.Debug|Any CPU.ActiveCfg = Debug|Any CPU
		{D4F33711-D563-4303-BE0C-22C9F69EF13E}.Debug|Any CPU.Build.0 = Debug|Any CPU
		{D4F33711-D563-4303-BE0C-22C9F69EF13E}.Release|Any CPU.ActiveCfg = Release|Any CPU
		{D4F33711-D563-4303-BE0C-22C9F69EF13E}.Release|Any CPU.Build.0 = Release|Any CPU
		{6359CF1D-3530-4D27-B564-717EF8FDDAF0}.Debug|Any CPU.ActiveCfg = Debug|Any CPU
		{6359CF1D-3530-4D27-B564-717EF8FDDAF0}.Debug|Any CPU.Build.0 = Debug|Any CPU
		{6359CF1D-3530-4D27-B564-717EF8FDDAF0}.Release|Any CPU.ActiveCfg = Release|Any CPU
		{6359CF1D-3530-4D27-B564-717EF8FDDAF0}.Release|Any CPU.Build.0 = Release|Any CPU
		{9288F9DF-B091-42E9-97B2-D198662AE4FC}.Debug|Any CPU.ActiveCfg = Debug|Any CPU
		{9288F9DF-B091-42E9-97B2-D198662AE4FC}.Debug|Any CPU.Build.0 = Debug|Any CPU
		{9288F9DF-B091-42E9-97B2-D198662AE4FC}.Release|Any CPU.ActiveCfg = Release|Any CPU
		{9288F9DF-B091-42E9-97B2-D198662AE4FC}.Release|Any CPU.Build.0 = Release|Any CPU
		{40AD59C0-8541-45D2-87CA-E187C05339A8}.Debug|Any CPU.ActiveCfg = Debug|Any CPU
		{40AD59C0-8541-45D2-87CA-E187C05339A8}.Debug|Any CPU.Build.0 = Debug|Any CPU
		{40AD59C0-8541-45D2-87CA-E187C05339A8}.Release|Any CPU.ActiveCfg = Release|Any CPU
		{40AD59C0-8541-45D2-87CA-E187C05339A8}.Release|Any CPU.Build.0 = Release|Any CPU
		{C9E44D75-6413-4B13-A389-8EFA6E8FC414}.Debug|Any CPU.ActiveCfg = Debug|Any CPU
		{C9E44D75-6413-4B13-A389-8EFA6E8FC414}.Debug|Any CPU.Build.0 = Debug|Any CPU
		{C9E44D75-6413-4B13-A389-8EFA6E8FC414}.Release|Any CPU.ActiveCfg = Release|Any CPU
		{C9E44D75-6413-4B13-A389-8EFA6E8FC414}.Release|Any CPU.Build.0 = Release|Any CPU
		{85005B92-14E9-43A8-9A83-F13F81DD2649}.Debug|Any CPU.ActiveCfg = Debug|Any CPU
		{85005B92-14E9-43A8-9A83-F13F81DD2649}.Debug|Any CPU.Build.0 = Debug|Any CPU
		{85005B92-14E9-43A8-9A83-F13F81DD2649}.Release|Any CPU.ActiveCfg = Release|Any CPU
		{85005B92-14E9-43A8-9A83-F13F81DD2649}.Release|Any CPU.Build.0 = Release|Any CPU
	EndGlobalSection
	GlobalSection(SolutionProperties) = preSolution
		HideSolutionNode = FALSE
	EndGlobalSection
	GlobalSection(ExtensibilityGlobals) = postSolution
		SolutionGuid = {EE3BF475-5EDD-4F4F-B158-A48F105EF9E9}
	EndGlobalSection
EndGlobal
